
Microsoft Visual Studio Solution File, Format Version 12.00
Project("{FAE04EC0-301F-11D3-BF4B-00C04F79EFBC}") = "task1", "task1\task1.csproj", "{7C0B9B0F-8389-4B44-A74E-C8766EE8C2AE}"
EndProject
Project("{FAE04EC0-301F-11D3-BF4B-00C04F79EFBC}") = "ex2", "ex2\ex2.csproj", "{EDB609ED-0BC1-46A3-8039-3E5E9527FEC0}"
EndProject
Project("{FAE04EC0-301F-11D3-BF4B-00C04F79EFBC}") = "ex3", "ex3\ex3.csproj", "{4F1F0664-98DD-41C4-944E-E22E13791B90}"
EndProject
Project("{FAE04EC0-301F-11D3-BF4B-00C04F79EFBC}") = "ex 3", "ex 3\ex 3.csproj", "{1F867280-0AAC-44D7-A9C3-F1C41230C7B0}"
EndProject
Project("{FAE04EC0-301F-11D3-BF4B-00C04F79EFBC}") = "ex4", "ex4\ex4.csproj", "{52415AFC-188D-4E25-A992-080BC1A9F9DE}"
EndProject
Global
	GlobalSection(SolutionConfigurationPlatforms) = preSolution
		Debug|Any CPU = Debug|Any CPU
		Release|Any CPU = Release|Any CPU
	EndGlobalSection
	GlobalSection(ProjectConfigurationPlatforms) = postSolution
		{7C0B9B0F-8389-4B44-A74E-C8766EE8C2AE}.Debug|Any CPU.ActiveCfg = Debug|Any CPU
		{7C0B9B0F-8389-4B44-A74E-C8766EE8C2AE}.Debug|Any CPU.Build.0 = Debug|Any CPU
		{7C0B9B0F-8389-4B44-A74E-C8766EE8C2AE}.Release|Any CPU.ActiveCfg = Release|Any CPU
		{7C0B9B0F-8389-4B44-A74E-C8766EE8C2AE}.Release|Any CPU.Build.0 = Release|Any CPU
		{EDB609ED-0BC1-46A3-8039-3E5E9527FEC0}.Debug|Any CPU.ActiveCfg = Debug|Any CPU
		{EDB609ED-0BC1-46A3-8039-3E5E9527FEC0}.Debug|Any CPU.Build.0 = Debug|Any CPU
		{EDB609ED-0BC1-46A3-8039-3E5E9527FEC0}.Release|Any CPU.ActiveCfg = Release|Any CPU
		{EDB609ED-0BC1-46A3-8039-3E5E9527FEC0}.Release|Any CPU.Build.0 = Release|Any CPU
		{4F1F0664-98DD-41C4-944E-E22E13791B90}.Debug|Any CPU.ActiveCfg = Debug|Any CPU
		{4F1F0664-98DD-41C4-944E-E22E13791B90}.Debug|Any CPU.Build.0 = Debug|Any CPU
		{4F1F0664-98DD-41C4-944E-E22E13791B90}.Release|Any CPU.ActiveCfg = Release|Any CPU
		{4F1F0664-98DD-41C4-944E-E22E13791B90}.Release|Any CPU.Build.0 = Release|Any CPU
		{1F867280-0AAC-44D7-A9C3-F1C41230C7B0}.Debug|Any CPU.ActiveCfg = Debug|Any CPU
		{1F867280-0AAC-44D7-A9C3-F1C41230C7B0}.Debug|Any CPU.Build.0 = Debug|Any CPU
		{1F867280-0AAC-44D7-A9C3-F1C41230C7B0}.Release|Any CPU.ActiveCfg = Release|Any CPU
		{1F867280-0AAC-44D7-A9C3-F1C41230C7B0}.Release|Any CPU.Build.0 = Release|Any CPU
		{52415AFC-188D-4E25-A992-080BC1A9F9DE}.Debug|Any CPU.ActiveCfg = Debug|Any CPU
		{52415AFC-188D-4E25-A992-080BC1A9F9DE}.Debug|Any CPU.Build.0 = Debug|Any CPU
		{52415AFC-188D-4E25-A992-080BC1A9F9DE}.Release|Any CPU.ActiveCfg = Release|Any CPU
		{52415AFC-188D-4E25-A992-080BC1A9F9DE}.Release|Any CPU.Build.0 = Release|Any CPU
	EndGlobalSection
EndGlobal
